// !$*UTF8*$!
{
	archiveVersion = 1;
	classes = {
	};
	objectVersion = 56;
	objects = {

/* Begin PBXBuildFile section */
		74426209299A91F90007507B /* PlanetParserApp.swift in Sources */ = {isa = PBXBuildFile; fileRef = 74426208299A91F90007507B /* PlanetParserApp.swift */; };
		7442620D299A91FA0007507B /* Assets.xcassets in Resources */ = {isa = PBXBuildFile; fileRef = 7442620C299A91FA0007507B /* Assets.xcassets */; };
		74426210299A91FA0007507B /* Preview Assets.xcassets in Resources */ = {isa = PBXBuildFile; fileRef = 7442620F299A91FA0007507B /* Preview Assets.xcassets */; };
		74426224299A95BD0007507B /* planets.json in Resources */ = {isa = PBXBuildFile; fileRef = 74426223299A95BD0007507B /* planets.json */; };
		7442622D299A95FF0007507B /* ViewModel.swift in Sources */ = {isa = PBXBuildFile; fileRef = 74426226299A95FF0007507B /* ViewModel.swift */; };
		7442622E299A95FF0007507B /* ContentView.swift in Sources */ = {isa = PBXBuildFile; fileRef = 74426228299A95FF0007507B /* ContentView.swift */; };
		7442622F299A95FF0007507B /* ReadWrite.swift in Sources */ = {isa = PBXBuildFile; fileRef = 7442622A299A95FF0007507B /* ReadWrite.swift */; };
		74426230299A95FF0007507B /* Planet.swift in Sources */ = {isa = PBXBuildFile; fileRef = 7442622B299A95FF0007507B /* Planet.swift */; };
		74426231299A95FF0007507B /* Repository.swift in Sources */ = {isa = PBXBuildFile; fileRef = 7442622C299A95FF0007507B /* Repository.swift */; };
/* End PBXBuildFile section */

/* Begin PBXFileReference section */
		74426205299A91F90007507B /* PlanetParser.app */ = {isa = PBXFileReference; explicitFileType = wrapper.application; includeInIndex = 0; path = PlanetParser.app; sourceTree = BUILT_PRODUCTS_DIR; };
		74426208299A91F90007507B /* PlanetParserApp.swift */ = {isa = PBXFileReference; lastKnownFileType = sourcecode.swift; path = PlanetParserApp.swift; sourceTree = "<group>"; };
		7442620C299A91FA0007507B /* Assets.xcassets */ = {isa = PBXFileReference; lastKnownFileType = folder.assetcatalog; path = Assets.xcassets; sourceTree = "<group>"; };
		7442620F299A91FA0007507B /* Preview Assets.xcassets */ = {isa = PBXFileReference; lastKnownFileType = folder.assetcatalog; path = "Preview Assets.xcassets"; sourceTree = "<group>"; };
		74426223299A95BD0007507B /* planets.json */ = {isa = PBXFileReference; fileEncoding = 4; lastKnownFileType = text.json; path = planets.json; sourceTree = "<group>"; };
		74426226299A95FF0007507B /* ViewModel.swift */ = {isa = PBXFileReference; fileEncoding = 4; lastKnownFileType = sourcecode.swift; path = ViewModel.swift; sourceTree = "<group>"; };
		74426228299A95FF0007507B /* ContentView.swift */ = {isa = PBXFileReference; fileEncoding = 4; lastKnownFileType = sourcecode.swift; path = ContentView.swift; sourceTree = "<group>"; };
		7442622A299A95FF0007507B /* ReadWrite.swift */ = {isa = PBXFileReference; fileEncoding = 4; lastKnownFileType = sourcecode.swift; path = ReadWrite.swift; sourceTree = "<group>"; };
		7442622B299A95FF0007507B /* Planet.swift */ = {isa = PBXFileReference; fileEncoding = 4; lastKnownFileType = sourcecode.swift; path = Planet.swift; sourceTree = "<group>"; };
		7442622C299A95FF0007507B /* Repository.swift */ = {isa = PBXFileReference; fileEncoding = 4; lastKnownFileType = sourcecode.swift; path = Repository.swift; sourceTree = "<group>"; };
/* End PBXFileReference section */

/* Begin PBXFrameworksBuildPhase section */
		74426202299A91F90007507B /* Frameworks */ = {
			isa = PBXFrameworksBuildPhase;
			buildActionMask = 2147483647;
			files = (
			);
			runOnlyForDeploymentPostprocessing = 0;
		};
/* End PBXFrameworksBuildPhase section */

/* Begin PBXGroup section */
		744261FC299A91F90007507B = {
			isa = PBXGroup;
			children = (
				74426207299A91F90007507B /* PlanetParser */,
				74426206299A91F90007507B /* Products */,
			);
			sourceTree = "<group>";
		};
		74426206299A91F90007507B /* Products */ = {
			isa = PBXGroup;
			children = (
				74426205299A91F90007507B /* PlanetParser.app */,
			);
			name = Products;
			sourceTree = "<group>";
		};
		74426207299A91F90007507B /* PlanetParser */ = {
			isa = PBXGroup;
			children = (
				74426208299A91F90007507B /* PlanetParserApp.swift */,
				74426223299A95BD0007507B /* planets.json */,
				74426229299A95FF0007507B /* Model */,
				74426227299A95FF0007507B /* View */,
				74426225299A95FF0007507B /* ViewModel */,
				7442620C299A91FA0007507B /* Assets.xcassets */,
				7442620E299A91FA0007507B /* Preview Content */,
			);
			path = PlanetParser;
			sourceTree = "<group>";
		};
		7442620E299A91FA0007507B /* Preview Content */ = {
			isa = PBXGroup;
			children = (
				7442620F299A91FA0007507B /* Preview Assets.xcassets */,
			);
			path = "Preview Content";
			sourceTree = "<group>";
		};
		74426225299A95FF0007507B /* ViewModel */ = {
			isa = PBXGroup;
			children = (
				74426226299A95FF0007507B /* ViewModel.swift */,
			);
			path = ViewModel;
			sourceTree = "<group>";
		};
		74426227299A95FF0007507B /* View */ = {
			isa = PBXGroup;
			children = (
				74426228299A95FF0007507B /* ContentView.swift */,
			);
			path = View;
			sourceTree = "<group>";
		};
		74426229299A95FF0007507B /* Model */ = {
			isa = PBXGroup;
			children = (
				7442622A299A95FF0007507B /* ReadWrite.swift */,
				7442622B299A95FF0007507B /* Planet.swift */,
				7442622C299A95FF0007507B /* Repository.swift */,
			);
			path = Model;
			sourceTree = "<group>";
		};
/* End PBXGroup section */

/* Begin PBXNativeTarget section */
		74426204299A91F90007507B /* PlanetParser */ = {
			isa = PBXNativeTarget;
			buildConfigurationList = 74426213299A91FA0007507B /* Build configuration list for PBXNativeTarget "PlanetParser" */;
			buildPhases = (
				74426201299A91F90007507B /* Sources */,
				74426202299A91F90007507B /* Frameworks */,
				74426203299A91F90007507B /* Resources */,
			);
			buildRules = (
			);
			dependencies = (
			);
			name = PlanetParser;
			productName = PlanetParser;
			productReference = 74426205299A91F90007507B /* PlanetParser.app */;
			productType = "com.apple.product-type.application";
		};
/* End PBXNativeTarget section */

/* Begin PBXProject section */
		744261FD299A91F90007507B /* Project object */ = {
			isa = PBXProject;
			attributes = {
				BuildIndependentTargetsInParallel = 1;
				LastSwiftUpdateCheck = 1410;
				LastUpgradeCheck = 1410;
				TargetAttributes = {
					74426204299A91F90007507B = {
						CreatedOnToolsVersion = 14.1;
					};
				};
			};
			buildConfigurationList = 74426200299A91F90007507B /* Build configuration list for PBXProject "PlanetParser" */;
			compatibilityVersion = "Xcode 14.0";
			developmentRegion = en;
			hasScannedForEncodings = 0;
			knownRegions = (
				en,
				Base,
			);
			mainGroup = 744261FC299A91F90007507B;
			productRefGroup = 74426206299A91F90007507B /* Products */;
			projectDirPath = "";
			projectRoot = "";
			targets = (
				74426204299A91F90007507B /* PlanetParser */,
			);
		};
/* End PBXProject section */

/* Begin PBXResourcesBuildPhase section */
		74426203299A91F90007507B /* Resources */ = {
			isa = PBXResourcesBuildPhase;
			buildActionMask = 2147483647;
			files = (
				74426210299A91FA0007507B /* Preview Assets.xcassets in Resources */,
				7442620D299A91FA0007507B /* Assets.xcassets in Resources */,
				74426224299A95BD0007507B /* planets.json in Resources */,
			);
			runOnlyForDeploymentPostprocessing = 0;
		};
/* End PBXResourcesBuildPhase section */

/* Begin PBXSourcesBuildPhase section */
		74426201299A91F90007507B /* Sources */ = {
			isa = PBXSourcesBuildPhase;
			buildActionMask = 2147483647;
			files = (
				74426230299A95FF0007507B /* Planet.swift in Sources */,
				7442622D299A95FF0007507B /* ViewModel.swift in Sources */,
				7442622F299A95FF0007507B /* ReadWrite.swift in Sources */,
				74426209299A91F90007507B /* PlanetParserApp.swift in Sources */,
				7442622E299A95FF0007507B /* ContentView.swift in Sources */,
				74426231299A95FF0007507B /* Repository.swift in Sources */,
			);
			runOnlyForDeploymentPostprocessing = 0;
		};
/* End PBXSourcesBuildPhase section */

/* Begin XCBuildConfiguration section */
		74426211299A91FA0007507B /* Debug */ = {
			isa = XCBuildConfiguration;
			buildSettings = {
				ALWAYS_SEARCH_USER_PATHS = NO;
				CLANG_ANALYZER_NONNULL = YES;
				CLANG_ANALYZER_NUMBER_OBJECT_CONVERSION = YES_AGGRESSIVE;
				CLANG_CXX_LANGUAGE_STANDARD = "gnu++20";
				CLANG_ENABLE_MODULES = YES;
				CLANG_ENABLE_OBJC_ARC = YES;
				CLANG_ENABLE_OBJC_WEAK = YES;
				CLANG_WARN_BLOCK_CAPTURE_AUTORELEASING = YES;
				CLANG_WARN_BOOL_CONVERSION = YES;
				CLANG_WARN_COMMA = YES;
				CLANG_WARN_CONSTANT_CONVERSION = YES;
				CLANG_WARN_DEPRECATED_OBJC_IMPLEMENTATIONS = YES;
				CLANG_WARN_DIRECT_OBJC_ISA_USAGE = YES_ERROR;
				CLANG_WARN_DOCUMENTATION_COMMENTS = YES;
				CLANG_WARN_EMPTY_BODY = YES;
				CLANG_WARN_ENUM_CONVERSION = YES;
				CLANG_WARN_INFINITE_RECURSION = YES;
				CLANG_WARN_INT_CONVERSION = YES;
				CLANG_WARN_NON_LITERAL_NULL_CONVERSION = YES;
				CLANG_WARN_OBJC_IMPLICIT_RETAIN_SELF = YES;
				CLANG_WARN_OBJC_LITERAL_CONVERSION = YES;
				CLANG_WARN_OBJC_ROOT_CLASS = YES_ERROR;
				CLANG_WARN_QUOTED_INCLUDE_IN_FRAMEWORK_HEADER = YES;
				CLANG_WARN_RANGE_LOOP_ANALYSIS = YES;
				CLANG_WARN_STRICT_PROTOTYPES = YES;
				CLANG_WARN_SUSPICIOUS_MOVE = YES;
				CLANG_WARN_UNGUARDED_AVAILABILITY = YES_AGGRESSIVE;
				CLANG_WARN_UNREACHABLE_CODE = YES;
				CLANG_WARN__DUPLICATE_METHOD_MATCH = YES;
				COPY_PHASE_STRIP = NO;
				DEBUG_INFORMATION_FORMAT = dwarf;
				ENABLE_STRICT_OBJC_MSGSEND = YES;
				ENABLE_TESTABILITY = YES;
				GCC_C_LANGUAGE_STANDARD = gnu11;
				GCC_DYNAMIC_NO_PIC = NO;
				GCC_NO_COMMON_BLOCKS = YES;
				GCC_OPTIMIZATION_LEVEL = 0;
				GCC_PREPROCESSOR_DEFINITIONS = (
					"DEBUG=1",
					"$(inherited)",
				);
				GCC_WARN_64_TO_32_BIT_CONVERSION = YES;
				GCC_WARN_ABOUT_RETURN_TYPE = YES_ERROR;
				GCC_WARN_UNDECLARED_SELECTOR = YES;
				GCC_WARN_UNINITIALIZED_AUTOS = YES_AGGRESSIVE;
				GCC_WARN_UNUSED_FUNCTION = YES;
				GCC_WARN_UNUSED_VARIABLE = YES;
				IPHONEOS_DEPLOYMENT_TARGET = 16.1;
				MTL_ENABLE_DEBUG_INFO = INCLUDE_SOURCE;
				MTL_FAST_MATH = YES;
				ONLY_ACTIVE_ARCH = YES;
				SDKROOT = iphoneos;
				SWIFT_ACTIVE_COMPILATION_CONDITIONS = DEBUG;
				SWIFT_OPTIMIZATION_LEVEL = "-Onone";
			};
			name = Debug;
		};
		74426212299A91FA0007507B /* Release */ = {
			isa = XCBuildConfiguration;
			buildSettings = {
				ALWAYS_SEARCH_USER_PATHS = NO;
				CLANG_ANALYZER_NONNULL = YES;
				CLANG_ANALYZER_NUMBER_OBJECT_CONVERSION = YES_AGGRESSIVE;
				CLANG_CXX_LANGUAGE_STANDARD = "gnu++20";
				CLANG_ENABLE_MODULES = YES;
				CLANG_ENABLE_OBJC_ARC = YES;
				CLANG_ENABLE_OBJC_WEAK = YES;
				CLANG_WARN_BLOCK_CAPTURE_AUTORELEASING = YES;
				CLANG_WARN_BOOL_CONVERSION = YES;
				CLANG_WARN_COMMA = YES;
				CLANG_WARN_CONSTANT_CONVERSION = YES;
				CLANG_WARN_DEPRECATED_OBJC_IMPLEMENTATIONS = YES;
				CLANG_WARN_DIRECT_OBJC_ISA_USAGE = YES_ERROR;
				CLANG_WARN_DOCUMENTATION_COMMENTS = YES;
				CLANG_WARN_EMPTY_BODY = YES;
				CLANG_WARN_ENUM_CONVERSION = YES;
				CLANG_WARN_INFINITE_RECURSION = YES;
				CLANG_WARN_INT_CONVERSION = YES;
				CLANG_WARN_NON_LITERAL_NULL_CONVERSION = YES;
				CLANG_WARN_OBJC_IMPLICIT_RETAIN_SELF = YES;
				CLANG_WARN_OBJC_LITERAL_CONVERSION = YES;
				CLANG_WARN_OBJC_ROOT_CLASS = YES_ERROR;
				CLANG_WARN_QUOTED_INCLUDE_IN_FRAMEWORK_HEADER = YES;
				CLANG_WARN_RANGE_LOOP_ANALYSIS = YES;
				CLANG_WARN_STRICT_PROTOTYPES = YES;
				CLANG_WARN_SUSPICIOUS_MOVE = YES;
				CLANG_WARN_UNGUARDED_AVAILABILITY = YES_AGGRESSIVE;
				CLANG_WARN_UNREACHABLE_CODE = YES;
				CLANG_WARN__DUPLICATE_METHOD_MATCH = YES;
				COPY_PHASE_STRIP = NO;
				DEBUG_INFORMATION_FORMAT = "dwarf-with-dsym";
				ENABLE_NS_ASSERTIONS = NO;
				ENABLE_STRICT_OBJC_MSGSEND = YES;
				GCC_C_LANGUAGE_STANDARD = gnu11;
				GCC_NO_COMMON_BLOCKS = YES;
				GCC_WARN_64_TO_32_BIT_CONVERSION = YES;
				GCC_WARN_ABOUT_RETURN_TYPE = YES_ERROR;
				GCC_WARN_UNDECLARED_SELECTOR = YES;
				GCC_WARN_UNINITIALIZED_AUTOS = YES_AGGRESSIVE;
				GCC_WARN_UNUSED_FUNCTION = YES;
				GCC_WARN_UNUSED_VARIABLE = YES;
				IPHONEOS_DEPLOYMENT_TARGET = 16.1;
				MTL_ENABLE_DEBUG_INFO = NO;
				MTL_FAST_MATH = YES;
				SDKROOT = iphoneos;
				SWIFT_COMPILATION_MODE = wholemodule;
				SWIFT_OPTIMIZATION_LEVEL = "-O";
				VALIDATE_PRODUCT = YES;
			};
			name = Release;
		};
		74426214299A91FA0007507B /* Debug */ = {
			isa = XCBuildConfiguration;
			buildSettings = {
				ASSETCATALOG_COMPILER_APPICON_NAME = AppIcon;
				ASSETCATALOG_COMPILER_GLOBAL_ACCENT_COLOR_NAME = AccentColor;
				CODE_SIGN_STYLE = Automatic;
				CURRENT_PROJECT_VERSION = 1;
				DEVELOPMENT_ASSET_PATHS = "\"PlanetParser/Preview Content\"";
				DEVELOPMENT_TEAM = 3UR85MK9RT;
				ENABLE_PREVIEWS = YES;
				GENERATE_INFOPLIST_FILE = YES;
				INFOPLIST_KEY_UIApplicationSceneManifest_Generation = YES;
				INFOPLIST_KEY_UIApplicationSupportsIndirectInputEvents = YES;
				INFOPLIST_KEY_UILaunchScreen_Generation = YES;
				INFOPLIST_KEY_UISupportedInterfaceOrientations_iPad = "UIInterfaceOrientationPortrait UIInterfaceOrientationPortraitUpsideDown UIInterfaceOrientationLandscapeLeft UIInterfaceOrientationLandscapeRight";
				INFOPLIST_KEY_UISupportedInterfaceOrientations_iPhone = "UIInterfaceOrientationPortrait UIInterfaceOrientationLandscapeLeft UIInterfaceOrientationLandscapeRight";
				LD_RUNPATH_SEARCH_PATHS = (
					"$(inherited)",
					"@executable_path/Frameworks",
				);
				MARKETING_VERSION = 1.0;
				PRODUCT_BUNDLE_IDENTIFIER = com.CoryTripathy.PlanetParser;
				PRODUCT_NAME = "$(TARGET_NAME)";
				SWIFT_EMIT_LOC_STRINGS = YES;
				SWIFT_VERSION = 5.0;
				TARGETED_DEVICE_FAMILY = "1,2";
			};
			name = Debug;
		};
		74426215299A91FA0007507B /* Release */ = {
			isa = XCBuildConfiguration;
			buildSettings = {
				ASSETCATALOG_COMPILER_APPICON_NAME = AppIcon;
				ASSETCATALOG_COMPILER_GLOBAL_ACCENT_COLOR_NAME = AccentColor;
				CODE_SIGN_STYLE = Automatic;
				CURRENT_PROJECT_VERSION = 1;
				DEVELOPMENT_ASSET_PATHS = "\"PlanetParser/Preview Content\"";
				DEVELOPMENT_TEAM = 3UR85MK9RT;
				ENABLE_PREVIEWS = YES;
				GENERATE_INFOPLIST_FILE = YES;
				INFOPLIST_KEY_UIApplicationSceneManifest_Generation = YES;
				INFOPLIST_KEY_UIApplicationSupportsIndirectInputEvents = YES;
				INFOPLIST_KEY_UILaunchScreen_Generation = YES;
				INFOPLIST_KEY_UISupportedInterfaceOrientations_iPad = "UIInterfaceOrientationPortrait UIInterfaceOrientationPortraitUpsideDown UIInterfaceOrientationLandscapeLeft UIInterfaceOrientationLandscapeRight";
				INFOPLIST_KEY_UISupportedInterfaceOrientations_iPhone = "UIInterfaceOrientationPortrait UIInterfaceOrientationLandscapeLeft UIInterfaceOrientationLandscapeRight";
				LD_RUNPATH_SEARCH_PATHS = (
					"$(inherited)",
					"@executable_path/Frameworks",
				);
				MARKETING_VERSION = 1.0;
				PRODUCT_BUNDLE_IDENTIFIER = com.CoryTripathy.PlanetParser;
				PRODUCT_NAME = "$(TARGET_NAME)";
				SWIFT_EMIT_LOC_STRINGS = YES;
				SWIFT_VERSION = 5.0;
				TARGETED_DEVICE_FAMILY = "1,2";
			};
			name = Release;
		};
/* End XCBuildConfiguration section */

/* Begin XCConfigurationList section */
		74426200299A91F90007507B /* Build configuration list for PBXProject "PlanetParser" */ = {
			isa = XCConfigurationList;
			buildConfigurations = (
				74426211299A91FA0007507B /* Debug */,
				74426212299A91FA0007507B /* Release */,
			);
			defaultConfigurationIsVisible = 0;
			defaultConfigurationName = Release;
		};
		74426213299A91FA0007507B /* Build configuration list for PBXNativeTarget "PlanetParser" */ = {
			isa = XCConfigurationList;
			buildConfigurations = (
				74426214299A91FA0007507B /* Debug */,
				74426215299A91FA0007507B /* Release */,
			);
			defaultConfigurationIsVisible = 0;
			defaultConfigurationName = Release;
		};
/* End XCConfigurationList section */
	};
	rootObject = 744261FD299A91F90007507B /* Project object */;
}
